// !$*UTF8*$!
{
	archiveVersion = 1;
	classes = {
	};
	objectVersion = 48;
	objects = {

/* Begin PBXBuildFile section */
		856CD74C1F79FC480048479D /* AppDelegate.m in Sources */ = {isa = PBXBuildFile; fileRef = 856CD74B1F79FC480048479D /* AppDelegate.m */; };
		856CD74F1F79FC480048479D /* ViewController.m in Sources */ = {isa = PBXBuildFile; fileRef = 856CD74E1F79FC480048479D /* ViewController.m */; };
		856CD7521F79FC480048479D /* Main.storyboard in Resources */ = {isa = PBXBuildFile; fileRef = 856CD7501F79FC480048479D /* Main.storyboard */; };
		856CD7541F79FC480048479D /* Assets.xcassets in Resources */ = {isa = PBXBuildFile; fileRef = 856CD7531F79FC480048479D /* Assets.xcassets */; };
		856CD7571F79FC480048479D /* LaunchScreen.storyboard in Resources */ = {isa = PBXBuildFile; fileRef = 856CD7551F79FC480048479D /* LaunchScreen.storyboard */; };
		856CD75A1F79FC480048479D /* main.m in Sources */ = {isa = PBXBuildFile; fileRef = 856CD7591F79FC480048479D /* main.m */; };
		856CD7641F79FC480048479D /* SampleTests.m in Sources */ = {isa = PBXBuildFile; fileRef = 856CD7631F79FC480048479D /* SampleTests.m */; };
		856CD76F1F79FC480048479D /* SampleUITests.m in Sources */ = {isa = PBXBuildFile; fileRef = 856CD76E1F79FC480048479D /* SampleUITests.m */; };
		856CD78E1F7A15710048479D /* FTHNavigationController.framework in Frameworks */ = {isa = PBXBuildFile; fileRef = 856CD7821F79FC540048479D /* FTHNavigationController.framework */; };
		856CD78F1F7A15710048479D /* FTHNavigationController.framework in Embed Frameworks */ = {isa = PBXBuildFile; fileRef = 856CD7821F79FC540048479D /* FTHNavigationController.framework */; settings = {ATTRIBUTES = (CodeSignOnCopy, RemoveHeadersOnCopy, ); }; };
/* End PBXBuildFile section */

/* Begin PBXContainerItemProxy section */
		856CD7601F79FC480048479D /* PBXContainerItemProxy */ = {
			isa = PBXContainerItemProxy;
			containerPortal = 856CD73F1F79FC480048479D /* Project object */;
			proxyType = 1;
			remoteGlobalIDString = 856CD7461F79FC480048479D;
			remoteInfo = Sample;
		};
		856CD76B1F79FC480048479D /* PBXContainerItemProxy */ = {
			isa = PBXContainerItemProxy;
			containerPortal = 856CD73F1F79FC480048479D /* Project object */;
			proxyType = 1;
			remoteGlobalIDString = 856CD7461F79FC480048479D;
			remoteInfo = Sample;
		};
		856CD7811F79FC540048479D /* PBXContainerItemProxy */ = {
			isa = PBXContainerItemProxy;
			containerPortal = 856CD77C1F79FC540048479D /* FTHNavigationController.xcodeproj */;
			proxyType = 2;
			remoteGlobalIDString = 856CD7241F79FBBD0048479D;
			remoteInfo = FTHNavigationController;
		};
		856CD7831F79FC540048479D /* PBXContainerItemProxy */ = {
			isa = PBXContainerItemProxy;
			containerPortal = 856CD77C1F79FC540048479D /* FTHNavigationController.xcodeproj */;
			proxyType = 2;
			remoteGlobalIDString = 856CD72D1F79FBBD0048479D;
			remoteInfo = FTHNavigationControllerTests;
		};
		856CD7901F7A15710048479D /* PBXContainerItemProxy */ = {
			isa = PBXContainerItemProxy;
			containerPortal = 856CD77C1F79FC540048479D /* FTHNavigationController.xcodeproj */;
			proxyType = 1;
			remoteGlobalIDString = 856CD7231F79FBBD0048479D;
			remoteInfo = FTHNavigationController;
		};
/* End PBXContainerItemProxy section */

/* Begin PBXCopyFilesBuildPhase section */
		856CD7921F7A15710048479D /* Embed Frameworks */ = {
			isa = PBXCopyFilesBuildPhase;
			buildActionMask = 2147483647;
			dstPath = "";
			dstSubfolderSpec = 10;
			files = (
				856CD78F1F7A15710048479D /* FTHNavigationController.framework in Embed Frameworks */,
			);
			name = "Embed Frameworks";
			runOnlyForDeploymentPostprocessing = 0;
		};
/* End PBXCopyFilesBuildPhase section */

/* Begin PBXFileReference section */
		856CD7471F79FC480048479D /* Sample.app */ = {isa = PBXFileReference; explicitFileType = wrapper.application; includeInIndex = 0; path = Sample.app; sourceTree = BUILT_PRODUCTS_DIR; };
		856CD74A1F79FC480048479D /* AppDelegate.h */ = {isa = PBXFileReference; lastKnownFileType = sourcecode.c.h; path = AppDelegate.h; sourceTree = "<group>"; };
		856CD74B1F79FC480048479D /* AppDelegate.m */ = {isa = PBXFileReference; lastKnownFileType = sourcecode.c.objc; path = AppDelegate.m; sourceTree = "<group>"; };
		856CD74D1F79FC480048479D /* ViewController.h */ = {isa = PBXFileReference; lastKnownFileType = sourcecode.c.h; path = ViewController.h; sourceTree = "<group>"; };
		856CD74E1F79FC480048479D /* ViewController.m */ = {isa = PBXFileReference; lastKnownFileType = sourcecode.c.objc; path = ViewController.m; sourceTree = "<group>"; };
		856CD7511F79FC480048479D /* Base */ = {isa = PBXFileReference; lastKnownFileType = file.storyboard; name = Base; path = Base.lproj/Main.storyboard; sourceTree = "<group>"; };
		856CD7531F79FC480048479D /* Assets.xcassets */ = {isa = PBXFileReference; lastKnownFileType = folder.assetcatalog; path = Assets.xcassets; sourceTree = "<group>"; };
		856CD7561F79FC480048479D /* Base */ = {isa = PBXFileReference; lastKnownFileType = file.storyboard; name = Base; path = Base.lproj/LaunchScreen.storyboard; sourceTree = "<group>"; };
		856CD7581F79FC480048479D /* Info.plist */ = {isa = PBXFileReference; lastKnownFileType = text.plist.xml; path = Info.plist; sourceTree = "<group>"; };
		856CD7591F79FC480048479D /* main.m */ = {isa = PBXFileReference; lastKnownFileType = sourcecode.c.objc; path = main.m; sourceTree = "<group>"; };
		856CD75F1F79FC480048479D /* SampleTests.xctest */ = {isa = PBXFileReference; explicitFileType = wrapper.cfbundle; includeInIndex = 0; path = SampleTests.xctest; sourceTree = BUILT_PRODUCTS_DIR; };
		856CD7631F79FC480048479D /* SampleTests.m */ = {isa = PBXFileReference; lastKnownFileType = sourcecode.c.objc; path = SampleTests.m; sourceTree = "<group>"; };
		856CD7651F79FC480048479D /* Info.plist */ = {isa = PBXFileReference; lastKnownFileType = text.plist.xml; path = Info.plist; sourceTree = "<group>"; };
		856CD76A1F79FC480048479D /* SampleUITests.xctest */ = {isa = PBXFileReference; explicitFileType = wrapper.cfbundle; includeInIndex = 0; path = SampleUITests.xctest; sourceTree = BUILT_PRODUCTS_DIR; };
		856CD76E1F79FC480048479D /* SampleUITests.m */ = {isa = PBXFileReference; lastKnownFileType = sourcecode.c.objc; path = SampleUITests.m; sourceTree = "<group>"; };
		856CD7701F79FC480048479D /* Info.plist */ = {isa = PBXFileReference; lastKnownFileType = text.plist.xml; path = Info.plist; sourceTree = "<group>"; };
		856CD77C1F79FC540048479D /* FTHNavigationController.xcodeproj */ = {isa = PBXFileReference; lastKnownFileType = "wrapper.pb-project"; name = FTHNavigationController.xcodeproj; path = ../FTHNavigationController.xcodeproj; sourceTree = "<group>"; };
/* End PBXFileReference section */

/* Begin PBXFrameworksBuildPhase section */
		856CD7441F79FC480048479D /* Frameworks */ = {
			isa = PBXFrameworksBuildPhase;
			buildActionMask = 2147483647;
			files = (
				856CD78E1F7A15710048479D /* FTHNavigationController.framework in Frameworks */,
			);
			runOnlyForDeploymentPostprocessing = 0;
		};
		856CD75C1F79FC480048479D /* Frameworks */ = {
			isa = PBXFrameworksBuildPhase;
			buildActionMask = 2147483647;
			files = (
			);
			runOnlyForDeploymentPostprocessing = 0;
		};
		856CD7671F79FC480048479D /* Frameworks */ = {
			isa = PBXFrameworksBuildPhase;
			buildActionMask = 2147483647;
			files = (
			);
			runOnlyForDeploymentPostprocessing = 0;
		};
/* End PBXFrameworksBuildPhase section */

/* Begin PBXGroup section */
		856CD73E1F79FC480048479D = {
			isa = PBXGroup;
			children = (
				856CD77C1F79FC540048479D /* FTHNavigationController.xcodeproj */,
				856CD7491F79FC480048479D /* Sample */,
				856CD7621F79FC480048479D /* SampleTests */,
				856CD76D1F79FC480048479D /* SampleUITests */,
				856CD7481F79FC480048479D /* Products */,
			);
			sourceTree = "<group>";
		};
		856CD7481F79FC480048479D /* Products */ = {
			isa = PBXGroup;
			children = (
				856CD7471F79FC480048479D /* Sample.app */,
				856CD75F1F79FC480048479D /* SampleTests.xctest */,
				856CD76A1F79FC480048479D /* SampleUITests.xctest */,
			);
			name = Products;
			sourceTree = "<group>";
		};
		856CD7491F79FC480048479D /* Sample */ = {
			isa = PBXGroup;
			children = (
				856CD74A1F79FC480048479D /* AppDelegate.h */,
				856CD74B1F79FC480048479D /* AppDelegate.m */,
				856CD74D1F79FC480048479D /* ViewController.h */,
				856CD74E1F79FC480048479D /* ViewController.m */,
				856CD7501F79FC480048479D /* Main.storyboard */,
				856CD7531F79FC480048479D /* Assets.xcassets */,
				856CD7551F79FC480048479D /* LaunchScreen.storyboard */,
				856CD7581F79FC480048479D /* Info.plist */,
				856CD7591F79FC480048479D /* main.m */,
			);
			path = Sample;
			sourceTree = "<group>";
		};
		856CD7621F79FC480048479D /* SampleTests */ = {
			isa = PBXGroup;
			children = (
				856CD7631F79FC480048479D /* SampleTests.m */,
				856CD7651F79FC480048479D /* Info.plist */,
			);
			path = SampleTests;
			sourceTree = "<group>";
		};
		856CD76D1F79FC480048479D /* SampleUITests */ = {
			isa = PBXGroup;
			children = (
				856CD76E1F79FC480048479D /* SampleUITests.m */,
				856CD7701F79FC480048479D /* Info.plist */,
			);
			path = SampleUITests;
			sourceTree = "<group>";
		};
		856CD77D1F79FC540048479D /* Products */ = {
			isa = PBXGroup;
			children = (
				856CD7821F79FC540048479D /* FTHNavigationController.framework */,
				856CD7841F79FC540048479D /* FTHNavigationControllerTests.xctest */,
			);
			name = Products;
			sourceTree = "<group>";
		};
/* End PBXGroup section */

/* Begin PBXNativeTarget section */
		856CD7461F79FC480048479D /* Sample */ = {
			isa = PBXNativeTarget;
			buildConfigurationList = 856CD7731F79FC480048479D /* Build configuration list for PBXNativeTarget "Sample" */;
			buildPhases = (
				856CD7431F79FC480048479D /* Sources */,
				856CD7441F79FC480048479D /* Frameworks */,
				856CD7451F79FC480048479D /* Resources */,
				856CD7921F7A15710048479D /* Embed Frameworks */,
			);
			buildRules = (
			);
			dependencies = (
				856CD7911F7A15710048479D /* PBXTargetDependency */,
			);
			name = Sample;
			productName = Sample;
			productReference = 856CD7471F79FC480048479D /* Sample.app */;
			productType = "com.apple.product-type.application";
		};
		856CD75E1F79FC480048479D /* SampleTests */ = {
			isa = PBXNativeTarget;
			buildConfigurationList = 856CD7761F79FC480048479D /* Build configuration list for PBXNativeTarget "SampleTests" */;
			buildPhases = (
				856CD75B1F79FC480048479D /* Sources */,
				856CD75C1F79FC480048479D /* Frameworks */,
				856CD75D1F79FC480048479D /* Resources */,
			);
			buildRules = (
			);
			dependencies = (
				856CD7611F79FC480048479D /* PBXTargetDependency */,
			);
			name = SampleTests;
			productName = SampleTests;
			productReference = 856CD75F1F79FC480048479D /* SampleTests.xctest */;
			productType = "com.apple.product-type.bundle.unit-test";
		};
		856CD7691F79FC480048479D /* SampleUITests */ = {
			isa = PBXNativeTarget;
			buildConfigurationList = 856CD7791F79FC480048479D /* Build configuration list for PBXNativeTarget "SampleUITests" */;
			buildPhases = (
				856CD7661F79FC480048479D /* Sources */,
				856CD7671F79FC480048479D /* Frameworks */,
				856CD7681F79FC480048479D /* Resources */,
			);
			buildRules = (
			);
			dependencies = (
				856CD76C1F79FC480048479D /* PBXTargetDependency */,
			);
			name = SampleUITests;
			productName = SampleUITests;
			productReference = 856CD76A1F79FC480048479D /* SampleUITests.xctest */;
			productType = "com.apple.product-type.bundle.ui-testing";
		};
/* End PBXNativeTarget section */

/* Begin PBXProject section */
		856CD73F1F79FC480048479D /* Project object */ = {
			isa = PBXProject;
			attributes = {
				LastUpgradeCheck = 0900;
				ORGANIZATIONNAME = "For the Horde";
				TargetAttributes = {
					856CD7461F79FC480048479D = {
						CreatedOnToolsVersion = 9.0;
						ProvisioningStyle = Automatic;
					};
					856CD75E1F79FC480048479D = {
						CreatedOnToolsVersion = 9.0;
						ProvisioningStyle = Automatic;
						TestTargetID = 856CD7461F79FC480048479D;
					};
					856CD7691F79FC480048479D = {
						CreatedOnToolsVersion = 9.0;
						ProvisioningStyle = Automatic;
						TestTargetID = 856CD7461F79FC480048479D;
					};
				};
			};
			buildConfigurationList = 856CD7421F79FC480048479D /* Build configuration list for PBXProject "Sample" */;
			compatibilityVersion = "Xcode 8.0";
			developmentRegion = en;
			hasScannedForEncodings = 0;
			knownRegions = (
				en,
				Base,
			);
			mainGroup = 856CD73E1F79FC480048479D;
			productRefGroup = 856CD7481F79FC480048479D /* Products */;
			projectDirPath = "";
			projectReferences = (
				{
					ProductGroup = 856CD77D1F79FC540048479D /* Products */;
					ProjectRef = 856CD77C1F79FC540048479D /* FTHNavigationController.xcodeproj */;
				},
			);
			projectRoot = "";
			targets = (
				856CD7461F79FC480048479D /* Sample */,
				856CD75E1F79FC480048479D /* SampleTests */,
				856CD7691F79FC480048479D /* SampleUITests */,
			);
		};
/* End PBXProject section */

/* Begin PBXReferenceProxy section */
		856CD7821F79FC540048479D /* FTHNavigationController.framework */ = {
			isa = PBXReferenceProxy;
			fileType = wrapper.framework;
			path = FTHNavigationController.framework;
			remoteRef = 856CD7811F79FC540048479D /* PBXContainerItemProxy */;
			sourceTree = BUILT_PRODUCTS_DIR;
		};
		856CD7841F79FC540048479D /* FTHNavigationControllerTests.xctest */ = {
			isa = PBXReferenceProxy;
			fileType = wrapper.cfbundle;
			path = FTHNavigationControllerTests.xctest;
			remoteRef = 856CD7831F79FC540048479D /* PBXContainerItemProxy */;
			sourceTree = BUILT_PRODUCTS_DIR;
		};
/* End PBXReferenceProxy section */

/* Begin PBXResourcesBuildPhase section */
		856CD7451F79FC480048479D /* Resources */ = {
			isa = PBXResourcesBuildPhase;
			buildActionMask = 2147483647;
			files = (
				856CD7571F79FC480048479D /* LaunchScreen.storyboard in Resources */,
				856CD7541F79FC480048479D /* Assets.xcassets in Resources */,
				856CD7521F79FC480048479D /* Main.storyboard in Resources */,
			);
			runOnlyForDeploymentPostprocessing = 0;
		};
		856CD75D1F79FC480048479D /* Resources */ = {
			isa = PBXResourcesBuildPhase;
			buildActionMask = 2147483647;
			files = (
			);
			runOnlyForDeploymentPostprocessing = 0;
		};
		856CD7681F79FC480048479D /* Resources */ = {
			isa = PBXResourcesBuildPhase;
			buildActionMask = 2147483647;
			files = (
			);
			runOnlyForDeploymentPostprocessing = 0;
		};
/* End PBXResourcesBuildPhase section */

/* Begin PBXSourcesBuildPhase section */
		856CD7431F79FC480048479D /* Sources */ = {
			isa = PBXSourcesBuildPhase;
			buildActionMask = 2147483647;
			files = (
				856CD74F1F79FC480048479D /* ViewController.m in Sources */,
				856CD75A1F79FC480048479D /* main.m in Sources */,
				856CD74C1F79FC480048479D /* AppDelegate.m in Sources */,
			);
			runOnlyForDeploymentPostprocessing = 0;
		};
		856CD75B1F79FC480048479D /* Sources */ = {
			isa = PBXSourcesBuildPhase;
			buildActionMask = 2147483647;
			files = (
				856CD7641F79FC480048479D /* SampleTests.m in Sources */,
			);
			runOnlyForDeploymentPostprocessing = 0;
		};
		856CD7661F79FC480048479D /* Sources */ = {
			isa = PBXSourcesBuildPhase;
			buildActionMask = 2147483647;
			files = (
				856CD76F1F79FC480048479D /* SampleUITests.m in Sources */,
			);
			runOnlyForDeploymentPostprocessing = 0;
		};
/* End PBXSourcesBuildPhase section */

/* Begin PBXTargetDependency section */
		856CD7611F79FC480048479D /* PBXTargetDependency */ = {
			isa = PBXTargetDependency;
			target = 856CD7461F79FC480048479D /* Sample */;
			targetProxy = 856CD7601F79FC480048479D /* PBXContainerItemProxy */;
		};
		856CD76C1F79FC480048479D /* PBXTargetDependency */ = {
			isa = PBXTargetDependency;
			target = 856CD7461F79FC480048479D /* Sample */;
			targetProxy = 856CD76B1F79FC480048479D /* PBXContainerItemProxy */;
		};
		856CD7911F7A15710048479D /* PBXTargetDependency */ = {
			isa = PBXTargetDependency;
			name = FTHNavigationController;
			targetProxy = 856CD7901F7A15710048479D /* PBXContainerItemProxy */;
		};
/* End PBXTargetDependency section */

/* Begin PBXVariantGroup section */
		856CD7501F79FC480048479D /* Main.storyboard */ = {
			isa = PBXVariantGroup;
			children = (
				856CD7511F79FC480048479D /* Base */,
			);
			name = Main.storyboard;
			sourceTree = "<group>";
		};
		856CD7551F79FC480048479D /* LaunchScreen.storyboard */ = {
			isa = PBXVariantGroup;
			children = (
				856CD7561F79FC480048479D /* Base */,
			);
			name = LaunchScreen.storyboard;
			sourceTree = "<group>";
		};
/* End PBXVariantGroup section */

/* Begin XCBuildConfiguration section */
		856CD7711F79FC480048479D /* Debug */ = {
			isa = XCBuildConfiguration;
			buildSettings = {
				ALWAYS_SEARCH_USER_PATHS = NO;
				CLANG_ANALYZER_NONNULL = YES;
				CLANG_ANALYZER_NUMBER_OBJECT_CONVERSION = YES_AGGRESSIVE;
				CLANG_CXX_LANGUAGE_STANDARD = "gnu++14";
				CLANG_CXX_LIBRARY = "libc++";
				CLANG_ENABLE_MODULES = YES;
				CLANG_ENABLE_OBJC_ARC = YES;
				CLANG_WARN_BLOCK_CAPTURE_AUTORELEASING = YES;
				CLANG_WARN_BOOL_CONVERSION = YES;
				CLANG_WARN_COMMA = YES;
				CLANG_WARN_CONSTANT_CONVERSION = YES;
				CLANG_WARN_DIRECT_OBJC_ISA_USAGE = YES_ERROR;
				CLANG_WARN_DOCUMENTATION_COMMENTS = YES;
				CLANG_WARN_EMPTY_BODY = YES;
				CLANG_WARN_ENUM_CONVERSION = YES;
				CLANG_WARN_INFINITE_RECURSION = YES;
				CLANG_WARN_INT_CONVERSION = YES;
				CLANG_WARN_NON_LITERAL_NULL_CONVERSION = YES;
				CLANG_WARN_OBJC_LITERAL_CONVERSION = YES;
				CLANG_WARN_OBJC_ROOT_CLASS = YES_ERROR;
				CLANG_WARN_RANGE_LOOP_ANALYSIS = YES;
				CLANG_WARN_STRICT_PROTOTYPES = YES;
				CLANG_WARN_SUSPICIOUS_MOVE = YES;
				CLANG_WARN_UNGUARDED_AVAILABILITY = YES_AGGRESSIVE;
				CLANG_WARN_UNREACHABLE_CODE = YES;
				CLANG_WARN__DUPLICATE_METHOD_MATCH = YES;
				CODE_SIGN_IDENTITY = "iPhone Developer";
				COPY_PHASE_STRIP = NO;
				DEBUG_INFORMATION_FORMAT = dwarf;
				ENABLE_STRICT_OBJC_MSGSEND = YES;
				ENABLE_TESTABILITY = YES;
				GCC_C_LANGUAGE_STANDARD = gnu11;
				GCC_DYNAMIC_NO_PIC = NO;
				GCC_NO_COMMON_BLOCKS = YES;
				GCC_OPTIMIZATION_LEVEL = 0;
				GCC_PREPROCESSOR_DEFINITIONS = (
					"DEBUG=1",
					"$(inherited)",
				);
				GCC_WARN_64_TO_32_BIT_CONVERSION = YES;
				GCC_WARN_ABOUT_RETURN_TYPE = YES_ERROR;
				GCC_WARN_UNDECLARED_SELECTOR = YES;
				GCC_WARN_UNINITIALIZED_AUTOS = YES_AGGRESSIVE;
				GCC_WARN_UNUSED_FUNCTION = YES;
				GCC_WARN_UNUSED_VARIABLE = YES;
				IPHONEOS_DEPLOYMENT_TARGET = 11.0;
				MTL_ENABLE_DEBUG_INFO = YES;
				ONLY_ACTIVE_ARCH = YES;
				SDKROOT = iphoneos;
			};
			name = Debug;
		};
		856CD7721F79FC480048479D /* Release */ = {
			isa = XCBuildConfiguration;
			buildSettings = {
				ALWAYS_SEARCH_USER_PATHS = NO;
				CLANG_ANALYZER_NONNULL = YES;
				CLANG_ANALYZER_NUMBER_OBJECT_CONVERSION = YES_AGGRESSIVE;
				CLANG_CXX_LANGUAGE_STANDARD = "gnu++14";
				CLANG_CXX_LIBRARY = "libc++";
				CLANG_ENABLE_MODULES = YES;
				CLANG_ENABLE_OBJC_ARC = YES;
				CLANG_WARN_BLOCK_CAPTURE_AUTORELEASING = YES;
				CLANG_WARN_BOOL_CONVERSION = YES;
				CLANG_WARN_COMMA = YES;
				CLANG_WARN_CONSTANT_CONVERSION = YES;
				CLANG_WARN_DIRECT_OBJC_ISA_USAGE = YES_ERROR;
				CLANG_WARN_DOCUMENTATION_COMMENTS = YES;
				CLANG_WARN_EMPTY_BODY = YES;
				CLANG_WARN_ENUM_CONVERSION = YES;
				CLANG_WARN_INFINITE_RECURSION = YES;
				CLANG_WARN_INT_CONVERSION = YES;
				CLANG_WARN_NON_LITERAL_NULL_CONVERSION = YES;
				CLANG_WARN_OBJC_LITERAL_CONVERSION = YES;
				CLANG_WARN_OBJC_ROOT_CLASS = YES_ERROR;
				CLANG_WARN_RANGE_LOOP_ANALYSIS = YES;
				CLANG_WARN_STRICT_PROTOTYPES = YES;
				CLANG_WARN_SUSPICIOUS_MOVE = YES;
				CLANG_WARN_UNGUARDED_AVAILABILITY = YES_AGGRESSIVE;
				CLANG_WARN_UNREACHABLE_CODE = YES;
				CLANG_WARN__DUPLICATE_METHOD_MATCH = YES;
				CODE_SIGN_IDENTITY = "iPhone Developer";
				COPY_PHASE_STRIP = NO;
				DEBUG_INFORMATION_FORMAT = "dwarf-with-dsym";
				ENABLE_NS_ASSERTIONS = NO;
				ENABLE_STRICT_OBJC_MSGSEND = YES;
				GCC_C_LANGUAGE_STANDARD = gnu11;
				GCC_NO_COMMON_BLOCKS = YES;
				GCC_WARN_64_TO_32_BIT_CONVERSION = YES;
				GCC_WARN_ABOUT_RETURN_TYPE = YES_ERROR;
				GCC_WARN_UNDECLARED_SELECTOR = YES;
				GCC_WARN_UNINITIALIZED_AUTOS = YES_AGGRESSIVE;
				GCC_WARN_UNUSED_FUNCTION = YES;
				GCC_WARN_UNUSED_VARIABLE = YES;
				IPHONEOS_DEPLOYMENT_TARGET = 11.0;
				MTL_ENABLE_DEBUG_INFO = NO;
				SDKROOT = iphoneos;
				VALIDATE_PRODUCT = YES;
			};
			name = Release;
		};
		856CD7741F79FC480048479D /* Debug */ = {
			isa = XCBuildConfiguration;
			buildSettings = {
				ASSETCATALOG_COMPILER_APPICON_NAME = AppIcon;
				CODE_SIGN_STYLE = Automatic;
				DEVELOPMENT_TEAM = 538CZ4N2AQ;
				INFOPLIST_FILE = Sample/Info.plist;
				LD_RUNPATH_SEARCH_PATHS = "$(inherited) @executable_path/Frameworks";
				PRODUCT_BUNDLE_IDENTIFIER = FortheHorde.Sample;
				PRODUCT_NAME = "$(TARGET_NAME)";
				TARGETED_DEVICE_FAMILY = "1,2";
			};
			name = Debug;
		};
		856CD7751F79FC480048479D /* Release */ = {
			isa = XCBuildConfiguration;
			buildSettings = {
				ASSETCATALOG_COMPILER_APPICON_NAME = AppIcon;
				CODE_SIGN_STYLE = Automatic;
				DEVELOPMENT_TEAM = 538CZ4N2AQ;
				INFOPLIST_FILE = Sample/Info.plist;
				LD_RUNPATH_SEARCH_PATHS = "$(inherited) @executable_path/Frameworks";
				PRODUCT_BUNDLE_IDENTIFIER = FortheHorde.Sample;
				PRODUCT_NAME = "$(TARGET_NAME)";
				TARGETED_DEVICE_FAMILY = "1,2";
			};
			name = Release;
		};
		856CD7771F79FC480048479D /* Debug */ = {
			isa = XCBuildConfiguration;
			buildSettings = {
				BUNDLE_LOADER = "$(TEST_HOST)";
				CODE_SIGN_STYLE = Automatic;
				DEVELOPMENT_TEAM = 538CZ4N2AQ;
				INFOPLIST_FILE = SampleTests/Info.plist;
				LD_RUNPATH_SEARCH_PATHS = "$(inherited) @executable_path/Frameworks @loader_path/Frameworks";
				PRODUCT_BUNDLE_IDENTIFIER = FortheHorde.SampleTests;
				PRODUCT_NAME = "$(TARGET_NAME)";
				TARGETED_DEVICE_FAMILY = "1,2";
				TEST_HOST = "$(BUILT_PRODUCTS_DIR)/Sample.app/Sample";
			};
			name = Debug;
		};
		856CD7781F79FC480048479D /* Release */ = {
			isa = XCBuildConfiguration;
			buildSettings = {
				BUNDLE_LOADER = "$(TEST_HOST)";
				CODE_SIGN_STYLE = Automatic;
				DEVELOPMENT_TEAM = 538CZ4N2AQ;
				INFOPLIST_FILE = SampleTests/Info.plist;
				LD_RUNPATH_SEARCH_PATHS = "$(inherited) @executable_path/Frameworks @loader_path/Frameworks";
				PRODUCT_BUNDLE_IDENTIFIER = FortheHorde.SampleTests;
				PRODUCT_NAME = "$(TARGET_NAME)";
				TARGETED_DEVICE_FAMILY = "1,2";
				TEST_HOST = "$(BUILT_PRODUCTS_DIR)/Sample.app/Sample";
			};
			name = Release;
		};
		856CD77A1F79FC480048479D /* Debug */ = {
			isa = XCBuildConfiguration;
			buildSettings = {
				CODE_SIGN_STYLE = Automatic;
				DEVELOPMENT_TEAM = 538CZ4N2AQ;
				INFOPLIST_FILE = SampleUITests/Info.plist;
				LD_RUNPATH_SEARCH_PATHS = "$(inherited) @executable_path/Frameworks @loader_path/Frameworks";
				PRODUCT_BUNDLE_IDENTIFIER = FortheHorde.SampleUITests;
				PRODUCT_NAME = "$(TARGET_NAME)";
				TARGETED_DEVICE_FAMILY = "1,2";
				TEST_TARGET_NAME = Sample;
			};
			name = Debug;
		};
		856CD77B1F79FC480048479D /* Release */ = {
			isa = XCBuildConfiguration;
			buildSettings = {
				CODE_SIGN_STYLE = Automatic;
				DEVELOPMENT_TEAM = 538CZ4N2AQ;
				INFOPLIST_FILE = SampleUITests/Info.plist;
				LD_RUNPATH_SEARCH_PATHS = "$(inherited) @executable_path/Frameworks @loader_path/Frameworks";
				PRODUCT_BUNDLE_IDENTIFIER = FortheHorde.SampleUITests;
				PRODUCT_NAME = "$(TARGET_NAME)";
				TARGETED_DEVICE_FAMILY = "1,2";
				TEST_TARGET_NAME = Sample;
			};
			name = Release;
		};
/* End XCBuildConfiguration section */

/* Begin XCConfigurationList section */
		856CD7421F79FC480048479D /* Build configuration list for PBXProject "Sample" */ = {
			isa = XCConfigurationList;
			buildConfigurations = (
				856CD7711F79FC480048479D /* Debug */,
				856CD7721F79FC480048479D /* Release */,
			);
			defaultConfigurationIsVisible = 0;
			defaultConfigurationName = Release;
		};
		856CD7731F79FC480048479D /* Build configuration list for PBXNativeTarget "Sample" */ = {
			isa = XCConfigurationList;
			buildConfigurations = (
				856CD7741F79FC480048479D /* Debug */,
				856CD7751F79FC480048479D /* Release */,
			);
			defaultConfigurationIsVisible = 0;
			defaultConfigurationName = Release;
		};
		856CD7761F79FC480048479D /* Build configuration list for PBXNativeTarget "SampleTests" */ = {
			isa = XCConfigurationList;
			buildConfigurations = (
				856CD7771F79FC480048479D /* Debug */,
				856CD7781F79FC480048479D /* Release */,
			);
			defaultConfigurationIsVisible = 0;
			defaultConfigurationName = Release;
		};
		856CD7791F79FC480048479D /* Build configuration list for PBXNativeTarget "SampleUITests" */ = {
			isa = XCConfigurationList;
			buildConfigurations = (
				856CD77A1F79FC480048479D /* Debug */,
				856CD77B1F79FC480048479D /* Release */,
			);
			defaultConfigurationIsVisible = 0;
			defaultConfigurationName = Release;
		};
/* End XCConfigurationList section */
	};
	rootObject = 856CD73F1F79FC480048479D /* Project object */;
}
