<?xml version="1.0" encoding="UTF-8"?>
<Scheme
   version = "1.3">
   <BuildAction>
      <BuildActionEntries>
         <BuildActionEntry
            buildForRunning = "YES">
            <BuildableReference
               BuildableIdentifier = "primary"
               BlueprintIdentifier = "856CD7231F79FBBD0048479D"
               BuildableName = "FTHNavigationController.framework"
               BlueprintName = "FTHNavigationController"
               ReferencedContainer = "container:FTHNavigationController.xcodeproj">
            </BuildableReference>
         </BuildActionEntry>
      </BuildActionEntries>
   </BuildAction>
   <LaunchAction
      useCustomWorkingDirectory = "NO"
      buildConfiguration = "Debug">
      <BuildableProductRunnable>
         <BuildableReference
            BuildableIdentifier = "primary"
            BlueprintIdentifier = "856CD7461F79FC480048479D"
            BuildableName = "Sample.app"
            BlueprintName = "Sample"
            ReferencedContainer = "container:Sample/Sample.xcodeproj">
         </BuildableReference>
      </BuildableProductRunnable>
   </LaunchAction>
</Scheme>
